# THIS IS AN AUTOGENERATED FILE. DO NOT EDIT THIS FILE DIRECTLY.
# yarn lockfile v1


"@coolaj86/urequest@^1.3.6":
  version "1.3.7"
  resolved "https://registry.yarnpkg.com/@coolaj86/urequest/-/urequest-1.3.7.tgz#66a1d66378dd6534e9c8e68948bf09acf32bab77"
  integrity sha512-PPrVYra9aWvZjSCKl/x1pJ9ZpXda1652oJrPBYy5rQumJJMkmTBN3ux+sK2xAUwVvv2wnewDlaQaHLxLwSHnIA==

"@root/mkdirp@^1.0.0":
  version "1.0.0"
  resolved "https://registry.yarnpkg.com/@root/mkdirp/-/mkdirp-1.0.0.tgz#f200e29568d711d3357151af0d2648e7eaf21b6f"
  integrity sha512-hxGAYUx5029VggfG+U9naAhQkoMSXtOeXtbql97m3Hi6/sQSRL/4khKZPyOF6w11glyCOU38WCNLu9nUcSjOfA==

acme-v2@^1.6.0, acme-v2@^1.7.7:
  version "1.7.7"
  resolved "https://registry.yarnpkg.com/acme-v2/-/acme-v2-1.7.7.tgz#1189c2d887769eff05b0373a830855d6ae03f644"
  integrity sha512-Pg0EQ45h8N2e4K2goYedutCgWxAmtcruwDHr6hgPBgAWEORVb5SQEdXjtEhCrn+APtr7MyFPryyzXpYpDD5ecA==
  dependencies:
    "@coolaj86/urequest" "^1.3.6"
    rsa-compat "^2.0.6"

acme@^1.3.0:
  version "1.3.0"
  resolved "https://registry.yarnpkg.com/acme/-/acme-1.3.0.tgz#ed7469dbbca011d0df339eb45a1292fa0d1eed69"
  integrity sha512-Ny8aXnGdtlEVBZLpzNyVp7gff/3zFYrbfbiY93lx5jdrG4BrraA6P8RkRFP7NbFwh1rBgQkdHEsMxTp3f2r8dA==
  dependencies:
    acme-v2 "^1.6.0"

cert-info@^1.5.1:
  version "1.5.1"
  resolved "https://registry.yarnpkg.com/cert-info/-/cert-info-1.5.1.tgz#90078c9ea2d18abaa8a4ed9068a46320ecf0d519"
  integrity sha512-eoQC/yAgW3gKTKxjzyClvi+UzuY97YCjcl+lSqbsGIy7HeGaWxCPOQFivhUYm27hgsBMhsJJFya3kGvK6PMIcQ==

eckles@^1.4.1:
  version "1.4.1"
  resolved "https://registry.yarnpkg.com/eckles/-/eckles-1.4.1.tgz#5e97fefa8554a7af594070c461e6b25fe3819382"
  integrity sha512-auWyk/k8oSkVHaD4RxkPadKsLUcIwKgr/h8F7UZEueFDBO7BsE4y+H6IMUDbfqKIFPg/9MxV6KcBdJCmVVcxSA==

escape-html@^1.0.3:
  version "1.0.3"
  resolved "https://registry.yarnpkg.com/escape-html/-/escape-html-1.0.3.tgz#0258eae4d3d0c0974de1c169188ef0051d1d1988"
  integrity sha1-Aljq5NPQwJdN4cFpGI7wBR0dGYg=

greenlock-challenge-dns@^3.0.0:
  version "3.0.4"
  resolved "https://registry.yarnpkg.com/greenlock-challenge-dns/-/greenlock-challenge-dns-3.0.4.tgz#41f52d8651ea410b6d7e5a62fe7c060815c81ec1"
  integrity sha512-CJI9RAtrZl9ICldyU5cRGzb1/wIbS3O+MJy9z7gKb7fLDNF7Wmw9Fv2agBLSOtIPr7TYgyyesvt8ppA4OIS+yg==

greenlock-store-fs@^3.0.0:
  version "3.0.2"
  resolved "https://registry.yarnpkg.com/greenlock-store-fs/-/greenlock-store-fs-3.0.2.tgz#54efe8f4977e6e62840b114361584ec34622b80a"
  integrity sha512-t4So75yKs1+7TqmxD5UKdf+zOQU0/4o0lb2auf5zUcAo7fwwNLOAXyWnnZRL3WuFBUiBGh1qXWleuMua0d3LPg==
  dependencies:
    "@root/mkdirp" "^1.0.0"
    safe-replace "^1.1.0"

greenlock@^2.7.17:
  version "2.7.17"
  resolved "https://registry.yarnpkg.com/greenlock/-/greenlock-2.7.17.tgz#4c53554ae79c7b9a0b0d27b1719fb64868dcba21"
  integrity sha512-8fxj1r4mAR8in5PKnUY6IRrP2JQC6R4dctDEy/wOXVuQPE1UBkDMXwOnXSiEV40SacygKgUT9OrBRi5IS5fu+g==
  dependencies:
    acme "^1.3.0"
    acme-v2 "^1.7.7"
    cert-info "^1.5.1"
    greenlock-challenge-dns "^3.0.0"
    greenlock-store-fs "^3.0.0"
    keypairs "^1.2.14"
    le-challenge-fs "^2.0.2"
    le-sni-auto "^2.1.8"
    le-store-certbot "^2.2.2"
    rsa-compat "^2.0.6"

http@0.0.0:
  version "0.0.0"
  resolved "https://registry.yarnpkg.com/http/-/http-0.0.0.tgz#86e6326d29c5d039de9fac584a45689f929f4f72"
  integrity sha1-huYybSnF0Dnen6xYSkVon5KfT3I=

https@^1.0.0:
  version "1.0.0"
  resolved "https://registry.yarnpkg.com/https/-/https-1.0.0.tgz#3c37c7ae1a8eeb966904a2ad1e975a194b7ed3a4"
  integrity sha1-PDfHrhqO65ZpBKKtHpdaGUt+06Q=

keypairs@^1.2.14:
  version "1.2.14"
  resolved "https://registry.yarnpkg.com/keypairs/-/keypairs-1.2.14.tgz#c971e8d03ae2d048fc6879117e0509bae6543887"
  integrity sha512-ZoZfZMygyB0QcjSlz7Rh6wT2CJasYEHBPETtmHZEfxuJd7bnsOG5AdtPZqHZBT+hoHvuWCp/4y8VmvTvH0Y9uA==
  dependencies:
    eckles "^1.4.1"
    rasha "^1.2.4"

le-challenge-fs@^2.0.2:
  version "2.0.8"
  resolved "https://registry.yarnpkg.com/le-challenge-fs/-/le-challenge-fs-2.0.8.tgz#b6d458a37f097e87df3d8b5ff67013737ab9d5a2"
  integrity sha1-ttRYo38JfoffPYtf9nATc3q51aI=
  dependencies:
    mkdirp "^0.5.1"

le-sni-auto@^2.1.8:
  version "2.1.9"
  resolved "https://registry.yarnpkg.com/le-sni-auto/-/le-sni-auto-2.1.9.tgz#0e394079113511129b9ae24afbb180df2c188584"
  integrity sha512-QmQHNwQDi/56GY8+qczFZ06FZbxaeJQjbjEhwwQHhkJ9IHhIQFkPfCT/OyDfLj4gqLIrg5ZX8CemxxVZnLEYfg==

le-store-certbot@^2.2.2:
  version "2.2.3"
  resolved "https://registry.yarnpkg.com/le-store-certbot/-/le-store-certbot-2.2.3.tgz#72eee5c86a1753a3cde0871f462c07a16eb95b62"
  integrity sha512-c4ACR+v+JKMiAOOshLh6gdCKA7wIWR16+mROMLpQjq3rXJ3Vm8FaBHe2H+crT+flP+g7FmciAwUlfOJEJpIuCQ==
  dependencies:
    "@root/mkdirp" "^1.0.0"
    pyconf "^1.1.7"
    safe-replace "^1.1.0"

le-store-fs@^1.0.3:
  version "1.0.3"
  resolved "https://registry.yarnpkg.com/le-store-fs/-/le-store-fs-1.0.3.tgz#9f85c4badc6a24c8907cb518629873a314acaaea"
  integrity sha512-JdnYvfBiJwgjNFQ55Qw5bgWd+MsnE466AgBMWw6dMzORTQ0F2a35u0l8VvZ9qRBeSoAv6Kt/y5saATzjNltcqQ==
  dependencies:
    mkdirp "^0.5.1"
    safe-replace "^1.1.0"

minimist@0.0.8:
  version "0.0.8"
  resolved "https://registry.yarnpkg.com/minimist/-/minimist-0.0.8.tgz#857fcabfc3397d2625b8228262e86aa7a011b05d"
  integrity sha1-hX/Kv8M5fSYluCKCYuhqp6ARsF0=

mkdirp@^0.5.1:
  version "0.5.1"
  resolved "https://registry.yarnpkg.com/mkdirp/-/mkdirp-0.5.1.tgz#30057438eac6cf7f8c4767f38648d6697d75c903"
  integrity sha1-MAV0OOrGz3+MR2fzhkjWaX11yQM=
  dependencies:
    minimist "0.0.8"

pyconf@^1.1.7:
  version "1.1.7"
  resolved "https://registry.yarnpkg.com/pyconf/-/pyconf-1.1.7.tgz#d48c3a8e10a050e304d0728b2e39803691829e7d"
  integrity sha512-v4clh33m68sjtMsh8XMpjhGWb/MQODAYZ1y7ORG5Qv58UK25OddoB+oXyexgDkK8ttFui/lZm2sQDgA2Ftjfkw==
  dependencies:
    safe-replace "^1.0.2"

rasha@^1.2.4:
  version "1.2.5"
  resolved "https://registry.yarnpkg.com/rasha/-/rasha-1.2.5.tgz#72668da31dcc68ac277c5b73d610e087cd33b031"
  integrity sha512-KxtX+/fBk+wM7O3CNgwjSh5elwFilLvqWajhr6wFr2Hd63JnKTTi43Tw+Jb1hxJQWOwoya+NZWR2xztn3hCrTw==

redirect-https@^1.3.0:
  version "1.3.0"
  resolved "https://registry.yarnpkg.com/redirect-https/-/redirect-https-1.3.0.tgz#54a1bceacddad0c3178d435bcc8d6420b63f087a"
  integrity sha512-9GzwI/+Cqw3jlSg0CW6TgBQbhiVhkHSDvW8wjgRQ9IK34wtxS71YJiQeazSCSEqbvowHCJuQZgmQFl1xUHKEgg==
  dependencies:
    escape-html "^1.0.3"

rsa-compat@^2.0.6:
  version "2.0.6"
  resolved "https://registry.yarnpkg.com/rsa-compat/-/rsa-compat-2.0.6.tgz#5cdca6d3561987c10848929c4fbe8022e7fa8485"
  integrity sha512-bQmpscAQec9442RaghDybrHMy1twQ3nUZOgTlqntio1yru+rMnDV64uGRzKp7dJ4VVhNv3mLh3X4MNON+YM0dA==
  dependencies:
    keypairs "^1.2.14"

safe-replace@^1.0.2, safe-replace@^1.1.0:
  version "1.1.0"
  resolved "https://registry.yarnpkg.com/safe-replace/-/safe-replace-1.1.0.tgz#432821b5a8139a38b534678d712f0850fe3e5235"
  integrity sha512-9/V2E0CDsKs9DWOOwJH7jYpSl9S3N05uyevNjvsnDauBqRowBPOyot1fIvV5N2IuZAbYyvrTXrYFVG0RZInfFw==
